
Microsoft Visual Studio Solution File, Format Version 12.00
# Visual Studio Version 16
VisualStudioVersion = 16.0.29123.88
MinimumVisualStudioVersion = 10.0.40219.1
Project("{FAE04EC0-301F-11D3-BF4B-00C04F79EFBC}") = "Forerunner", "Forerunner\Forerunner.csproj", "{D65BC1EF-CCA3-473F-8086-39C9BE9BB4A4}"
EndProject
Global
	GlobalSection(SolutionConfigurationPlatforms) = preSolution
		Debug|Any CPU = Debug|Any CPU
		Release|Any CPU = Release|Any CPU
	EndGlobalSection
	GlobalSection(ProjectConfigurationPlatforms) = postSolution
		{D65BC1EF-CCA3-473F-8086-39C9BE9BB4A4}.Debug|Any CPU.ActiveCfg = Debug|Any CPU
		{D65BC1EF-CCA3-473F-8086-39C9BE9BB4A4}.Debug|Any CPU.Build.0 = Debug|Any CPU
		{D65BC1EF-CCA3-473F-8086-39C9BE9BB4A4}.Release|Any CPU.ActiveCfg = Release|Any CPU
		{D65BC1EF-CCA3-473F-8086-39C9BE9BB4A4}.Release|Any CPU.Build.0 = Release|Any CPU
	EndGlobalSection
	GlobalSection(SolutionProperties) = preSolution
		HideSolutionNode = FALSE
	EndGlobalSection
	GlobalSection(ExtensibilityGlobals) = postSolution
		SolutionGuid = {02A57EAC-F1F8-4360-863A-DA0892646C4B}
	EndGlobalSection
EndGlobal
